
Microsoft Visual Studio Solution File, Format Version 12.00
# Visual Studio Version 16
VisualStudioVersion = 16.0.29728.190
MinimumVisualStudioVersion = 10.0.40219.1
Project("{FAE04EC0-301F-11D3-BF4B-00C04F79EFBC}") = "DyDocTestSS", "DyDocTestSS\DyDocTestSS.csproj", "{080A09B0-3D2F-40A3-8710-3EF64FC82E4F}"
EndProject
Global
	GlobalSection(SolutionConfigurationPlatforms) = preSolution
		Debug|Any CPU = Debug|Any CPU
		Release|Any CPU = Release|Any CPU
	EndGlobalSection
	GlobalSection(ProjectConfigurationPlatforms) = postSolution
		{080A09B0-3D2F-40A3-8710-3EF64FC82E4F}.Debug|Any CPU.ActiveCfg = Debug|Any CPU
		{080A09B0-3D2F-40A3-8710-3EF64FC82E4F}.Debug|Any CPU.Build.0 = Debug|Any CPU
		{080A09B0-3D2F-40A3-8710-3EF64FC82E4F}.Release|Any CPU.ActiveCfg = Release|Any CPU
		{080A09B0-3D2F-40A3-8710-3EF64FC82E4F}.Release|Any CPU.Build.0 = Release|Any CPU
	EndGlobalSection
	GlobalSection(SolutionProperties) = preSolution
		HideSolutionNode = FALSE
	EndGlobalSection
	GlobalSection(ExtensibilityGlobals) = postSolution
		SolutionGuid = {19FE81FF-C7D8-416D-B92A-055474A8D40A}
	EndGlobalSection
EndGlobal
